
Microsoft Visual Studio Solution File, Format Version 12.00
# Visual Studio Version 16
VisualStudioVersion = 16.0.30804.86
MinimumVisualStudioVersion = 10.0.40219.1
Project("{FAE04EC0-301F-11D3-BF4B-00C04F79EFBC}") = "EFCore", "EFCore\EFCore.csproj", "{4A4996FF-655A-4F44-B60D-66D4546CAFE4}"
EndProject
Global
	GlobalSection(SolutionConfigurationPlatforms) = preSolution
		Debug|Any CPU = Debug|Any CPU
		Release|Any CPU = Release|Any CPU
	EndGlobalSection
	GlobalSection(ProjectConfigurationPlatforms) = postSolution
		{4A4996FF-655A-4F44-B60D-66D4546CAFE4}.Debug|Any CPU.ActiveCfg = Debug|Any CPU
		{4A4996FF-655A-4F44-B60D-66D4546CAFE4}.Debug|Any CPU.Build.0 = Debug|Any CPU
		{4A4996FF-655A-4F44-B60D-66D4546CAFE4}.Release|Any CPU.ActiveCfg = Release|Any CPU
		{4A4996FF-655A-4F44-B60D-66D4546CAFE4}.Release|Any CPU.Build.0 = Release|Any CPU
	EndGlobalSection
	GlobalSection(SolutionProperties) = preSolution
		HideSolutionNode = FALSE
	EndGlobalSection
	GlobalSection(ExtensibilityGlobals) = postSolution
		SolutionGuid = {1DC12632-CE18-4794-9CB8-DBB7DF9C068C}
	EndGlobalSection
EndGlobal
